{
  "name": "kitodo-media-ui",
  "version": "1.0.0",
  "lockfileVersion": 1,
  "requires": true,
  "dependencies": {
    "jquery": {
      "version": "3.3.1",
      "resolved": "https://registry.npmjs.org/jquery/-/jquery-3.3.1.tgz",
      "integrity": "sha512-Ubldcmxp5np52/ENotGxlLe6aGMvmF4R8S6tZjsP6Knsaxd/xp3Zrh50cG93lR6nPXyUFwzN3ZSOQI0wRJNdGg=="
    },
    "semantic-ui-css": {
      "version": "2.3.1",
      "resolved": "https://registry.npmjs.org/semantic-ui-css/-/semantic-ui-css-2.3.1.tgz",
      "integrity": "sha512-8M2OkoKZHfEnNUYB4Ha8q+tTAWN/g17X2l6HUg6n3DP4QDJLQl1xyhnRvM9UhJpsRvkRqgWgQLbRA6cl7Ep2dw==",
      "requires": {
        "jquery": "x.*"
      }
    }
  }
}
