{
  "name": "kitodo-media-ui",
  "version": "1.0.0",
  "lockfileVersion": 1,
  "requires": true,
  "dependencies": {
    "jquery": {
      "version": "3.5.0",
      "resolved": "https://registry.npmjs.org/jquery/-/jquery-3.5.0.tgz",
      "integrity": "sha512-Xb7SVYMvygPxbFMpTFQiHh1J7HClEaThguL15N/Gg37Lri/qKyhRGZYzHRyLH8Stq3Aow0LsHO2O2ci86fCrNQ=="
    },
    "semantic-ui-css": {
      "version": "2.3.1",
      "resolved": "https://registry.npmjs.org/semantic-ui-css/-/semantic-ui-css-2.3.1.tgz",
      "integrity": "sha512-8M2OkoKZHfEnNUYB4Ha8q+tTAWN/g17X2l6HUg6n3DP4QDJLQl1xyhnRvM9UhJpsRvkRqgWgQLbRA6cl7Ep2dw==",
      "requires": {
        "jquery": "x.*"
      }
    }
  }
}
